
Microsoft Visual Studio Solution File, Format Version 12.00
Project("{FAE04EC0-301F-11D3-BF4B-00C04F79EFBC}") = "ConsoleApplication1", "ConsoleApplication1.csproj", "{14BBCEEA-F7B3-41C1-B3B6-BA7FB30F721C}"
EndProject
Project("{FAE04EC0-301F-11D3-BF4B-00C04F79EFBC}") = "Assignment1.UnitTests", "Assignment1.UnitTests\Assignment1.UnitTests.csproj", "{7FDF664A-0176-4A09-BAE9-92FE34CD7255}"
EndProject
Global
	GlobalSection(SolutionConfigurationPlatforms) = preSolution
		Debug|Any CPU = Debug|Any CPU
		Release|Any CPU = Release|Any CPU
	EndGlobalSection
	GlobalSection(ProjectConfigurationPlatforms) = postSolution
		{14BBCEEA-F7B3-41C1-B3B6-BA7FB30F721C}.Debug|Any CPU.ActiveCfg = Debug|Any CPU
		{14BBCEEA-F7B3-41C1-B3B6-BA7FB30F721C}.Debug|Any CPU.Build.0 = Debug|Any CPU
		{14BBCEEA-F7B3-41C1-B3B6-BA7FB30F721C}.Release|Any CPU.ActiveCfg = Release|Any CPU
		{14BBCEEA-F7B3-41C1-B3B6-BA7FB30F721C}.Release|Any CPU.Build.0 = Release|Any CPU
		{7FDF664A-0176-4A09-BAE9-92FE34CD7255}.Debug|Any CPU.ActiveCfg = Debug|Any CPU
		{7FDF664A-0176-4A09-BAE9-92FE34CD7255}.Debug|Any CPU.Build.0 = Debug|Any CPU
		{7FDF664A-0176-4A09-BAE9-92FE34CD7255}.Release|Any CPU.ActiveCfg = Release|Any CPU
		{7FDF664A-0176-4A09-BAE9-92FE34CD7255}.Release|Any CPU.Build.0 = Release|Any CPU
	EndGlobalSection
EndGlobal
