
Microsoft Visual Studio Solution File, Format Version 12.00
Project("{FAE04EC0-301F-11D3-BF4B-00C04F79EFBC}") = "ConsoleApplication2", "ConsoleApplication2\ConsoleApplication2.csproj", "{AAD34737-7D86-44B8-B4F3-BA475ACAFE49}"
EndProject
Global
	GlobalSection(SolutionConfigurationPlatforms) = preSolution
		Debug|Any CPU = Debug|Any CPU
		Release|Any CPU = Release|Any CPU
	EndGlobalSection
	GlobalSection(ProjectConfigurationPlatforms) = postSolution
		{AAD34737-7D86-44B8-B4F3-BA475ACAFE49}.Debug|Any CPU.ActiveCfg = Debug|Any CPU
		{AAD34737-7D86-44B8-B4F3-BA475ACAFE49}.Debug|Any CPU.Build.0 = Debug|Any CPU
		{AAD34737-7D86-44B8-B4F3-BA475ACAFE49}.Release|Any CPU.ActiveCfg = Release|Any CPU
		{AAD34737-7D86-44B8-B4F3-BA475ACAFE49}.Release|Any CPU.Build.0 = Release|Any CPU
	EndGlobalSection
EndGlobal
